<?xml version="1.0" encoding="utf-8"?>
<Project ToolsVersion="4.0" xmlns="http://schemas.microsoft.com/developer/msbuild/2003">
  <ItemGroup>
    <Filter Include="Source Files">
      <UniqueIdentifier>{4FC737F1-C7A5-4376-A066-2A32D752A2FF}</UniqueIdentifier>
      <Extensions>cpp;c;cc;cxx;def;odl;idl;hpj;bat;asm;asmx</Extensions>
    </Filter>
    <Filter Include="lib">
      <UniqueIdentifier>{9ce67c9d-921a-42b8-a8d6-ea0766a762cb}</UniqueIdentifier>
    </Filter>
    <Filter Include="include">
      <UniqueIdentifier>{b52ec28b-b325-419b-ad22-0b65bee07f1f}</UniqueIdentifier>
    </Filter>
    <Filter Include="include\GL">
      <UniqueIdentifier>{9782b707-6c04-4f16-8651-1d95ad851cc4}</UniqueIdentifier>
    </Filter>
    <Filter Include="include\GLFW">
      <UniqueIdentifier>{531e835c-4bf3-4630-9b93-890e38e22f09}</UniqueIdentifier>
    </Filter>
    <Filter Include="resources">
      <UniqueIdentifier>{ec386be4-312a-42d9-be63-260d4aff8fca}</UniqueIdentifier>
    </Filter>
    <Filter Include="Source Files\header">
      <UniqueIdentifier>{69027292-2777-4dc9-9103-a7ccacfd8a86}</UniqueIdentifier>
    </Filter>
    <Filter Include="Source Files\shader">
      <UniqueIdentifier>{9283e78a-a761-4a1c-a0d9-1aca3cdfecd8}</UniqueIdentifier>
    </Filter>
    <Filter Include="include\SOIL">
      <UniqueIdentifier>{e0e9a342-315d-46e1-9263-637b77727be2}</UniqueIdentifier>
    </Filter>
  </ItemGroup>
  <ItemGroup>
    <ClInclude Include="..\include\GL\eglew.h">
      <Filter>include\GL</Filter>
    </ClInclude>
    <ClInclude Include="..\include\GL\glew.h">
      <Filter>include\GL</Filter>
    </ClInclude>
    <ClInclude Include="..\include\GL\glxew.h">
      <Filter>include\GL</Filter>
    </ClInclude>
    <ClInclude Include="..\include\GL\wglew.h">
      <Filter>include\GL</Filter>
    </ClInclude>
    <ClInclude Include="..\include\GLFW\glfw3.h">
      <Filter>include\GLFW</Filter>
    </ClInclude>
    <ClInclude Include="..\include\GLFW\glfw3native.h">
      <Filter>include\GLFW</Filter>
    </ClInclude>
    <ClInclude Include="..\src\header\Shader.h">
      <Filter>Source Files\header</Filter>
    </ClInclude>
    <ClInclude Include="..\src\header\Util.h">
      <Filter>Source Files\header</Filter>
    </ClInclude>
    <ClInclude Include="..\include\SOIL\SOIL.h">
      <Filter>include\SOIL</Filter>
    </ClInclude>
  </ItemGroup>
  <ItemGroup>
    <Library Include="..\lib\glfw3.lib">
      <Filter>lib</Filter>
    </Library>
    <Library Include="..\lib\glew32.lib">
      <Filter>lib</Filter>
    </Library>
    <Library Include="..\lib\SOIL.lib">
      <Filter>lib</Filter>
    </Library>
  </ItemGroup>
  <ItemGroup>
    <None Include="..\resources\glew32.dll">
      <Filter>resources</Filter>
    </None>
    <None Include="..\src\shader\shader.fs">
      <Filter>Source Files\shader</Filter>
    </None>
    <None Include="..\src\shader\shader.vs">
      <Filter>Source Files\shader</Filter>
    </None>
  </ItemGroup>
  <ItemGroup>
    <Text Include="..\resources\Instructions to setup.txt">
      <Filter>resources</Filter>
    </Text>
  </ItemGroup>
  <ItemGroup>
    <ClCompile Include="..\src\main.cpp">
      <Filter>Source Files</Filter>
    </ClCompile>
  </ItemGroup>
</Project>